<?xml version="1.0" encoding="utf-8"?>
<Project ToolsVersion="17.0" xmlns="http://schemas.microsoft.com/developer/msbuild/2003">
  <ItemGroup>
    <ClCompile Include="I:\Game_Centralia_Dead_Lend\src\main.cpp">
      <Filter>Source Files</Filter>
    </ClCompile>
    <ClCompile Include="I:\Game_Centralia_Dead_Lend\src\glad.c">
      <Filter>Source Files</Filter>
    </ClCompile>
    <ClCompile Include="I:\Game_Centralia_Dead_Lend\src\core\Engine.cpp">
      <Filter>Source Files</Filter>
    </ClCompile>
    <ClCompile Include="I:\Game_Centralia_Dead_Lend\src\core\LoginSystem.cpp">
      <Filter>Source Files</Filter>
    </ClCompile>
    <ClCompile Include="I:\Game_Centralia_Dead_Lend\src\gameplay\ClassSystem.cpp">
      <Filter>Source Files</Filter>
    </ClCompile>
    <ClCompile Include="I:\Game_Centralia_Dead_Lend\src\gameplay\CraftingManager.cpp">
      <Filter>Source Files</Filter>
    </ClCompile>
    <ClCompile Include="I:\Game_Centralia_Dead_Lend\src\gameplay\CreatureAI.cpp">
      <Filter>Source Files</Filter>
    </ClCompile>
    <ClCompile Include="I:\Game_Centralia_Dead_Lend\src\gameplay\DialogueSystem.cpp">
      <Filter>Source Files</Filter>
    </ClCompile>
    <ClCompile Include="I:\Game_Centralia_Dead_Lend\src\gameplay\FactorySystem.cpp">
      <Filter>Source Files</Filter>
    </ClCompile>
    <ClCompile Include="I:\Game_Centralia_Dead_Lend\src\gameplay\ItemDatabase.cpp">
      <Filter>Source Files</Filter>
    </ClCompile>
    <ClCompile Include="I:\Game_Centralia_Dead_Lend\src\gameplay\MapSystem.cpp">
      <Filter>Source Files</Filter>
    </ClCompile>
    <ClCompile Include="I:\Game_Centralia_Dead_Lend\src\gameplay\ModificationSystem.cpp">
      <Filter>Source Files</Filter>
    </ClCompile>
    <ClCompile Include="I:\Game_Centralia_Dead_Lend\src\gameplay\MonsterAISystem.cpp">
      <Filter>Source Files</Filter>
    </ClCompile>
    <ClCompile Include="I:\Game_Centralia_Dead_Lend\src\gameplay\Player.cpp">
      <Filter>Source Files</Filter>
    </ClCompile>
    <ClCompile Include="I:\Game_Centralia_Dead_Lend\src\gameplay\PowerArmorStateData.cpp">
      <Filter>Source Files</Filter>
    </ClCompile>
    <ClCompile Include="I:\Game_Centralia_Dead_Lend\src\gameplay\ProceduralMotion.cpp">
      <Filter>Source Files</Filter>
    </ClCompile>
    <ClCompile Include="I:\Game_Centralia_Dead_Lend\src\gameplay\ServerShop.cpp">
      <Filter>Source Files</Filter>
    </ClCompile>
    <ClCompile Include="I:\Game_Centralia_Dead_Lend\src\gameplay\VehiclePhysics.cpp">
      <Filter>Source Files</Filter>
    </ClCompile>
    <ClCompile Include="I:\Game_Centralia_Dead_Lend\src\gameplay\WeaponSystem.cpp">
      <Filter>Source Files</Filter>
    </ClCompile>
  </ItemGroup>
  <ItemGroup>
    <CustomBuild Include="I:\Game_Centralia_Dead_Lend\CMakeLists.txt" />
  </ItemGroup>
  <ItemGroup>
    <Filter Include="Source Files">
      <UniqueIdentifier>{E63CAE50-F669-346D-A5F2-F308B4F0CB4D}</UniqueIdentifier>
    </Filter>
  </ItemGroup>
</Project>
